
Microsoft Visual Studio Solution File, Format Version 12.00
# Visual Studio Version 16
VisualStudioVersion = 16.0.34931.43
MinimumVisualStudioVersion = 10.0.40219.1
Project("{FAE04EC0-301F-11D3-BF4B-00C04F79EFBC}") = "ConsoleApp31", "ConsoleApp31.csproj", "{CECE3A4C-15D0-47F6-8B44-6A5A51313EF0}"
EndProject
Global
	GlobalSection(SolutionConfigurationPlatforms) = preSolution
		Debug|Any CPU = Debug|Any CPU
		Release|Any CPU = Release|Any CPU
	EndGlobalSection
	GlobalSection(ProjectConfigurationPlatforms) = postSolution
		{CECE3A4C-15D0-47F6-8B44-6A5A51313EF0}.Debug|Any CPU.ActiveCfg = Debug|Any CPU
		{CECE3A4C-15D0-47F6-8B44-6A5A51313EF0}.Debug|Any CPU.Build.0 = Debug|Any CPU
		{CECE3A4C-15D0-47F6-8B44-6A5A51313EF0}.Release|Any CPU.ActiveCfg = Release|Any CPU
		{CECE3A4C-15D0-47F6-8B44-6A5A51313EF0}.Release|Any CPU.Build.0 = Release|Any CPU
	EndGlobalSection
	GlobalSection(SolutionProperties) = preSolution
		HideSolutionNode = FALSE
	EndGlobalSection
	GlobalSection(ExtensibilityGlobals) = postSolution
		SolutionGuid = {78151EA9-8FDD-4ACE-82A8-0583FA733F24}
	EndGlobalSection
EndGlobal
